
Microsoft Visual Studio Solution File, Format Version 12.00
# Visual Studio Version 17
VisualStudioVersion = 17.11.35312.102
MinimumVisualStudioVersion = 10.0.40219.1
Project("{9A19103F-16F7-4668-BE54-9A1E7A4F7556}") = "MVC23.10.1403", "MVC23.10.1403.csproj", "{6A0D5B51-D4E6-42B4-80B7-A6133F247EC8}"
EndProject
Project("{FAE04EC0-301F-11D3-BF4B-00C04F79EFBC}") = "mvc.DataAccess", "..\mvc.DataAccess\mvc.DataAccess.csproj", "{CA4B16F4-5C1A-4BEB-BA41-8CEDF24639F1}"
EndProject
Project("{FAE04EC0-301F-11D3-BF4B-00C04F79EFBC}") = "mvc.Models", "..\mvc.Models\mvc.Models.csproj", "{D3FEEA6D-B6B2-491C-BF17-7EF00FE137D8}"
EndProject
Project("{FAE04EC0-301F-11D3-BF4B-00C04F79EFBC}") = "mvc.Utilities", "..\mvc.Utilities\mvc.Utilities.csproj", "{4AC1844E-D097-46D8-A60D-E8D8683FFC0C}"
EndProject
Global
	GlobalSection(SolutionConfigurationPlatforms) = preSolution
		Debug|Any CPU = Debug|Any CPU
		Release|Any CPU = Release|Any CPU
	EndGlobalSection
	GlobalSection(ProjectConfigurationPlatforms) = postSolution
		{6A0D5B51-D4E6-42B4-80B7-A6133F247EC8}.Debug|Any CPU.ActiveCfg = Debug|Any CPU
		{6A0D5B51-D4E6-42B4-80B7-A6133F247EC8}.Debug|Any CPU.Build.0 = Debug|Any CPU
		{6A0D5B51-D4E6-42B4-80B7-A6133F247EC8}.Release|Any CPU.ActiveCfg = Release|Any CPU
		{6A0D5B51-D4E6-42B4-80B7-A6133F247EC8}.Release|Any CPU.Build.0 = Release|Any CPU
		{CA4B16F4-5C1A-4BEB-BA41-8CEDF24639F1}.Debug|Any CPU.ActiveCfg = Debug|Any CPU
		{CA4B16F4-5C1A-4BEB-BA41-8CEDF24639F1}.Debug|Any CPU.Build.0 = Debug|Any CPU
		{CA4B16F4-5C1A-4BEB-BA41-8CEDF24639F1}.Release|Any CPU.ActiveCfg = Release|Any CPU
		{CA4B16F4-5C1A-4BEB-BA41-8CEDF24639F1}.Release|Any CPU.Build.0 = Release|Any CPU
		{D3FEEA6D-B6B2-491C-BF17-7EF00FE137D8}.Debug|Any CPU.ActiveCfg = Debug|Any CPU
		{D3FEEA6D-B6B2-491C-BF17-7EF00FE137D8}.Debug|Any CPU.Build.0 = Debug|Any CPU
		{D3FEEA6D-B6B2-491C-BF17-7EF00FE137D8}.Release|Any CPU.ActiveCfg = Release|Any CPU
		{D3FEEA6D-B6B2-491C-BF17-7EF00FE137D8}.Release|Any CPU.Build.0 = Release|Any CPU
		{4AC1844E-D097-46D8-A60D-E8D8683FFC0C}.Debug|Any CPU.ActiveCfg = Debug|Any CPU
		{4AC1844E-D097-46D8-A60D-E8D8683FFC0C}.Debug|Any CPU.Build.0 = Debug|Any CPU
		{4AC1844E-D097-46D8-A60D-E8D8683FFC0C}.Release|Any CPU.ActiveCfg = Release|Any CPU
		{4AC1844E-D097-46D8-A60D-E8D8683FFC0C}.Release|Any CPU.Build.0 = Release|Any CPU
	EndGlobalSection
	GlobalSection(SolutionProperties) = preSolution
		HideSolutionNode = FALSE
	EndGlobalSection
	GlobalSection(ExtensibilityGlobals) = postSolution
		SolutionGuid = {BCC41338-6257-48CB-AC5B-06A238F1DB4C}
	EndGlobalSection
EndGlobal
